// !$*UTF8*$!
{
	archiveVersion = 1;
	classes = {
	};
	objectVersion = 46;
	objects = {

/* Begin PBXBuildFile section */
		B50399A71DF39EE3005C1D12 /* StartHere.swift in Sources */ = {isa = PBXBuildFile; fileRef = B50399A61DF39EE3005C1D12 /* StartHere.swift */; };
		_LinkFileRef_SwiftBitCode_via_SwiftBitCodeTests /* SwiftBitCode.framework in Frameworks */ = {isa = PBXBuildFile; fileRef = "_____Product_SwiftBitCode" /* SwiftBitCode.framework */; };
		__src_cc_ref_Sources/BitStream.swift /* BitStream.swift in Sources */ = {isa = PBXBuildFile; fileRef = __PBXFileRef_Sources/BitStream.swift /* BitStream.swift */; };
		__src_cc_ref_Sources/BlockDump.swift /* BlockDump.swift in Sources */ = {isa = PBXBuildFile; fileRef = __PBXFileRef_Sources/BlockDump.swift /* BlockDump.swift */; };
		__src_cc_ref_Sources/Cursor.swift /* Cursor.swift in Sources */ = {isa = PBXBuildFile; fileRef = __PBXFileRef_Sources/Cursor.swift /* Cursor.swift */; };
		"__src_cc_ref_Sources/Data+Extensions.swift" /* Data+Extensions.swift in Sources */ = {isa = PBXBuildFile; fileRef = "__PBXFileRef_Sources/Data+Extensions.swift" /* Data+Extensions.swift */; };
		__src_cc_ref_Sources/Factory.swift /* Factory.swift in Sources */ = {isa = PBXBuildFile; fileRef = __PBXFileRef_Sources/Factory.swift /* Factory.swift */; };
		"__src_cc_ref_Sources/Int+Extensions.swift" /* Int+Extensions.swift in Sources */ = {isa = PBXBuildFile; fileRef = "__PBXFileRef_Sources/Int+Extensions.swift" /* Int+Extensions.swift */; };
		__src_cc_ref_Sources/KnownRecords.swift /* KnownRecords.swift in Sources */ = {isa = PBXBuildFile; fileRef = __PBXFileRef_Sources/KnownRecords.swift /* KnownRecords.swift */; };
		__src_cc_ref_Sources/Structure.swift /* Structure.swift in Sources */ = {isa = PBXBuildFile; fileRef = __PBXFileRef_Sources/Structure.swift /* Structure.swift */; };
		__src_cc_ref_Tests/SwiftBitCodeTests/BitwiseIntTests.swift /* BitwiseIntTests.swift in Sources */ = {isa = PBXBuildFile; fileRef = __PBXFileRef_Tests/SwiftBitCodeTests/BitwiseIntTests.swift /* BitwiseIntTests.swift */; };
		__src_cc_ref_Tests/SwiftBitCodeTests/TestCursor.swift /* TestCursor.swift in Sources */ = {isa = PBXBuildFile; fileRef = __PBXFileRef_Tests/SwiftBitCodeTests/TestCursor.swift /* TestCursor.swift */; };
/* End PBXBuildFile section */

/* Begin PBXContainerItemProxy section */
		B50399A51DF39E23005C1D12 /* PBXContainerItemProxy */ = {
			isa = PBXContainerItemProxy;
			containerPortal = __RootObject_ /* Project object */;
			proxyType = 1;
			remoteGlobalIDString = "______Target_SwiftBitCode";
			remoteInfo = SwiftBitCode;
		};
/* End PBXContainerItemProxy section */

/* Begin PBXFileReference section */
		B50399A61DF39EE3005C1D12 /* StartHere.swift */ = {isa = PBXFileReference; fileEncoding = 4; lastKnownFileType = sourcecode.swift; path = StartHere.swift; sourceTree = "<group>"; };
		__PBXFileRef_Package.swift /* Package.swift */ = {isa = PBXFileReference; lastKnownFileType = sourcecode.swift; path = Package.swift; sourceTree = "<group>"; };
		__PBXFileRef_Sources/BitStream.swift /* BitStream.swift */ = {isa = PBXFileReference; lastKnownFileType = sourcecode.swift; path = BitStream.swift; sourceTree = "<group>"; };
		__PBXFileRef_Sources/BlockDump.swift /* BlockDump.swift */ = {isa = PBXFileReference; lastKnownFileType = sourcecode.swift; path = BlockDump.swift; sourceTree = "<group>"; };
		__PBXFileRef_Sources/Cursor.swift /* Cursor.swift */ = {isa = PBXFileReference; lastKnownFileType = sourcecode.swift; path = Cursor.swift; sourceTree = "<group>"; };
		"__PBXFileRef_Sources/Data+Extensions.swift" /* Data+Extensions.swift */ = {isa = PBXFileReference; lastKnownFileType = sourcecode.swift; path = "Data+Extensions.swift"; sourceTree = "<group>"; };
		__PBXFileRef_Sources/Factory.swift /* Factory.swift */ = {isa = PBXFileReference; lastKnownFileType = sourcecode.swift; path = Factory.swift; sourceTree = "<group>"; };
		"__PBXFileRef_Sources/Int+Extensions.swift" /* Int+Extensions.swift */ = {isa = PBXFileReference; lastKnownFileType = sourcecode.swift; path = "Int+Extensions.swift"; sourceTree = "<group>"; };
		__PBXFileRef_Sources/KnownRecords.swift /* KnownRecords.swift */ = {isa = PBXFileReference; lastKnownFileType = sourcecode.swift; path = KnownRecords.swift; sourceTree = "<group>"; };
		__PBXFileRef_Sources/Structure.swift /* Structure.swift */ = {isa = PBXFileReference; lastKnownFileType = sourcecode.swift; path = Structure.swift; sourceTree = "<group>"; };
		__PBXFileRef_SwiftBitCode.xcodeproj/Configs/Project.xcconfig /* SwiftBitCode.xcodeproj/Configs/Project.xcconfig */ = {isa = PBXFileReference; lastKnownFileType = text.xcconfig; path = SwiftBitCode.xcodeproj/Configs/Project.xcconfig; sourceTree = "<group>"; };
		__PBXFileRef_Tests/SwiftBitCodeTests/BitwiseIntTests.swift /* BitwiseIntTests.swift */ = {isa = PBXFileReference; lastKnownFileType = sourcecode.swift; path = BitwiseIntTests.swift; sourceTree = "<group>"; };
		__PBXFileRef_Tests/SwiftBitCodeTests/TestCursor.swift /* TestCursor.swift */ = {isa = PBXFileReference; lastKnownFileType = sourcecode.swift; path = TestCursor.swift; sourceTree = "<group>"; };
		"_____Product_SwiftBitCode" /* SwiftBitCode.framework */ = {isa = PBXFileReference; explicitFileType = wrapper.framework; path = SwiftBitCode.framework; sourceTree = BUILT_PRODUCTS_DIR; };
		"_____Product_SwiftBitCodeTests" /* SwiftBitCodeTests.xctest */ = {isa = PBXFileReference; lastKnownFileType = file; path = SwiftBitCodeTests.xctest; sourceTree = BUILT_PRODUCTS_DIR; };
/* End PBXFileReference section */

/* Begin PBXFrameworksBuildPhase section */
		"___LinkPhase_SwiftBitCode" /* Frameworks */ = {
			isa = PBXFrameworksBuildPhase;
			buildActionMask = 0;
			files = (
			);
			runOnlyForDeploymentPostprocessing = 0;
		};
		"___LinkPhase_SwiftBitCodeTests" /* Frameworks */ = {
			isa = PBXFrameworksBuildPhase;
			buildActionMask = 0;
			files = (
				_LinkFileRef_SwiftBitCode_via_SwiftBitCodeTests /* SwiftBitCode.framework in Frameworks */,
			);
			runOnlyForDeploymentPostprocessing = 0;
		};
/* End PBXFrameworksBuildPhase section */

/* Begin PBXGroup section */
		TestProducts_ /* Tests */ = {
			isa = PBXGroup;
			children = (
				"_____Product_SwiftBitCodeTests" /* SwiftBitCodeTests.xctest */,
			);
			name = Tests;
			sourceTree = "<group>";
		};
		"___RootGroup_" = {
			isa = PBXGroup;
			children = (
				__PBXFileRef_Package.swift /* Package.swift */,
				"_____Configs_" /* Configs */,
				"_____Sources_" /* Sources */,
				"_______Tests_" /* Tests */,
				"____Products_" /* Products */,
			);
			sourceTree = "<group>";
		};
		"____Products_" /* Products */ = {
			isa = PBXGroup;
			children = (
				TestProducts_ /* Tests */,
				"_____Product_SwiftBitCode" /* SwiftBitCode.framework */,
			);
			name = Products;
			sourceTree = "<group>";
		};
		"_____Configs_" /* Configs */ = {
			isa = PBXGroup;
			children = (
				__PBXFileRef_SwiftBitCode.xcodeproj/Configs/Project.xcconfig /* SwiftBitCode.xcodeproj/Configs/Project.xcconfig */,
			);
			name = Configs;
			sourceTree = "<group>";
		};
		"_____Sources_" /* Sources */ = {
			isa = PBXGroup;
			children = (
				"_______Group_SwiftBitCode" /* SwiftBitCode */,
			);
			name = Sources;
			sourceTree = "<group>";
		};
		"_______Group_SwiftBitCode" /* SwiftBitCode */ = {
			isa = PBXGroup;
			children = (
				__PBXFileRef_Sources/BitStream.swift /* BitStream.swift */,
				__PBXFileRef_Sources/BlockDump.swift /* BlockDump.swift */,
				__PBXFileRef_Sources/Cursor.swift /* Cursor.swift */,
				"__PBXFileRef_Sources/Data+Extensions.swift" /* Data+Extensions.swift */,
				__PBXFileRef_Sources/Factory.swift /* Factory.swift */,
				"__PBXFileRef_Sources/Int+Extensions.swift" /* Int+Extensions.swift */,
				__PBXFileRef_Sources/KnownRecords.swift /* KnownRecords.swift */,
				__PBXFileRef_Sources/Structure.swift /* Structure.swift */,
				B50399A61DF39EE3005C1D12 /* StartHere.swift */,
			);
			name = SwiftBitCode;
			path = Sources;
			sourceTree = "<group>";
		};
		"_______Group_SwiftBitCodeTests" /* SwiftBitCodeTests */ = {
			isa = PBXGroup;
			children = (
				__PBXFileRef_Tests/SwiftBitCodeTests/BitwiseIntTests.swift /* BitwiseIntTests.swift */,
				__PBXFileRef_Tests/SwiftBitCodeTests/TestCursor.swift /* TestCursor.swift */,
			);
			name = SwiftBitCodeTests;
			path = Tests/SwiftBitCodeTests;
			sourceTree = "<group>";
		};
		"_______Tests_" /* Tests */ = {
			isa = PBXGroup;
			children = (
				"_______Group_SwiftBitCodeTests" /* SwiftBitCodeTests */,
			);
			name = Tests;
			sourceTree = "<group>";
		};
/* End PBXGroup section */

/* Begin PBXNativeTarget section */
		"______Target_SwiftBitCode" /* SwiftBitCode */ = {
			isa = PBXNativeTarget;
			buildConfigurationList = "_______Confs_SwiftBitCode" /* Build configuration list for PBXNativeTarget "SwiftBitCode" */;
			buildPhases = (
				CompilePhase_SwiftBitCode /* Sources */,
				"___LinkPhase_SwiftBitCode" /* Frameworks */,
			);
			buildRules = (
			);
			dependencies = (
			);
			name = SwiftBitCode;
			productName = SwiftBitCode;
			productReference = "_____Product_SwiftBitCode" /* SwiftBitCode.framework */;
			productType = "com.apple.product-type.framework";
		};
		"______Target_SwiftBitCodeTests" /* SwiftBitCodeTests */ = {
			isa = PBXNativeTarget;
			buildConfigurationList = "_______Confs_SwiftBitCodeTests" /* Build configuration list for PBXNativeTarget "SwiftBitCodeTests" */;
			buildPhases = (
				CompilePhase_SwiftBitCodeTests /* Sources */,
				"___LinkPhase_SwiftBitCodeTests" /* Frameworks */,
			);
			buildRules = (
			);
			dependencies = (
				__Dependency_SwiftBitCode /* PBXTargetDependency */,
			);
			name = SwiftBitCodeTests;
			productName = SwiftBitCodeTests;
			productReference = "_____Product_SwiftBitCodeTests" /* SwiftBitCodeTests.xctest */;
			productType = "com.apple.product-type.bundle.unit-test";
		};
/* End PBXNativeTarget section */

/* Begin PBXProject section */
		__RootObject_ /* Project object */ = {
			isa = PBXProject;
			attributes = {
				LastUpgradeCheck = 9999;
			};
			buildConfigurationList = "___RootConfs_" /* Build configuration list for PBXProject "SwiftBitCode" */;
			compatibilityVersion = "Xcode 3.2";
			developmentRegion = English;
			hasScannedForEncodings = 0;
			knownRegions = (
				en,
			);
			mainGroup = "___RootGroup_";
			productRefGroup = "____Products_" /* Products */;
			projectDirPath = "";
			projectRoot = "";
			targets = (
				"______Target_SwiftBitCode" /* SwiftBitCode */,
				"______Target_SwiftBitCodeTests" /* SwiftBitCodeTests */,
			);
		};
/* End PBXProject section */

/* Begin PBXSourcesBuildPhase section */
		CompilePhase_SwiftBitCode /* Sources */ = {
			isa = PBXSourcesBuildPhase;
			buildActionMask = 0;
			files = (
				__src_cc_ref_Sources/BitStream.swift /* BitStream.swift in Sources */,
				__src_cc_ref_Sources/BlockDump.swift /* BlockDump.swift in Sources */,
				__src_cc_ref_Sources/Cursor.swift /* Cursor.swift in Sources */,
				"__src_cc_ref_Sources/Data+Extensions.swift" /* Data+Extensions.swift in Sources */,
				__src_cc_ref_Sources/Factory.swift /* Factory.swift in Sources */,
				"__src_cc_ref_Sources/Int+Extensions.swift" /* Int+Extensions.swift in Sources */,
				__src_cc_ref_Sources/KnownRecords.swift /* KnownRecords.swift in Sources */,
				__src_cc_ref_Sources/Structure.swift /* Structure.swift in Sources */,
				B50399A71DF39EE3005C1D12 /* StartHere.swift in Sources */,
			);
			runOnlyForDeploymentPostprocessing = 0;
		};
		CompilePhase_SwiftBitCodeTests /* Sources */ = {
			isa = PBXSourcesBuildPhase;
			buildActionMask = 0;
			files = (
				__src_cc_ref_Tests/SwiftBitCodeTests/BitwiseIntTests.swift /* BitwiseIntTests.swift in Sources */,
				__src_cc_ref_Tests/SwiftBitCodeTests/TestCursor.swift /* TestCursor.swift in Sources */,
			);
			runOnlyForDeploymentPostprocessing = 0;
		};
/* End PBXSourcesBuildPhase section */

/* Begin PBXTargetDependency section */
		__Dependency_SwiftBitCode /* PBXTargetDependency */ = {
			isa = PBXTargetDependency;
			target = "______Target_SwiftBitCode" /* SwiftBitCode */;
			targetProxy = B50399A51DF39E23005C1D12 /* PBXContainerItemProxy */;
		};
/* End PBXTargetDependency section */

/* Begin XCBuildConfiguration section */
		_ReleaseConf_SwiftBitCode /* Release */ = {
			isa = XCBuildConfiguration;
			buildSettings = {
				ENABLE_TESTABILITY = YES;
				FRAMEWORK_SEARCH_PATHS = "$(PLATFORM_DIR)/Developer/Library/Frameworks";
				INFOPLIST_FILE = SwiftBitCode.xcodeproj/SwiftBitCode_Info.plist;
				LD_RUNPATH_SEARCH_PATHS = "$(TOOLCHAIN_DIR)/usr/lib/swift/macosx";
				OTHER_LDFLAGS = "$(inherited)";
				OTHER_SWIFT_FLAGS = "$(inherited)";
				PRODUCT_BUNDLE_IDENTIFIER = SwiftBitCode;
				PRODUCT_MODULE_NAME = "$(TARGET_NAME:c99extidentifier)";
				PRODUCT_NAME = "$(TARGET_NAME:c99extidentifier)";
				SWIFT_VERSION = 3.0;
			};
			name = Release;
		};
		_ReleaseConf_SwiftBitCodeTests /* Release */ = {
			isa = XCBuildConfiguration;
			buildSettings = {
				EMBEDDED_CONTENT_CONTAINS_SWIFT = YES;
				FRAMEWORK_SEARCH_PATHS = "$(PLATFORM_DIR)/Developer/Library/Frameworks";
				INFOPLIST_FILE = SwiftBitCode.xcodeproj/SwiftBitCodeTests_Info.plist;
				LD_RUNPATH_SEARCH_PATHS = "@loader_path/../Frameworks";
				OTHER_LDFLAGS = "$(inherited)";
				OTHER_SWIFT_FLAGS = "$(inherited)";
				SWIFT_VERSION = 3.0;
			};
			name = Release;
		};
		"___DebugConf_SwiftBitCode" /* Debug */ = {
			isa = XCBuildConfiguration;
			buildSettings = {
				ENABLE_TESTABILITY = YES;
				FRAMEWORK_SEARCH_PATHS = "$(PLATFORM_DIR)/Developer/Library/Frameworks";
				INFOPLIST_FILE = SwiftBitCode.xcodeproj/SwiftBitCode_Info.plist;
				LD_RUNPATH_SEARCH_PATHS = "$(TOOLCHAIN_DIR)/usr/lib/swift/macosx";
				OTHER_LDFLAGS = "$(inherited)";
				OTHER_SWIFT_FLAGS = "$(inherited)";
				PRODUCT_BUNDLE_IDENTIFIER = SwiftBitCode;
				PRODUCT_MODULE_NAME = "$(TARGET_NAME:c99extidentifier)";
				PRODUCT_NAME = "$(TARGET_NAME:c99extidentifier)";
				SWIFT_OPTIMIZATION_LEVEL = "-Onone";
				SWIFT_VERSION = 3.0;
			};
			name = Debug;
		};
		"___DebugConf_SwiftBitCodeTests" /* Debug */ = {
			isa = XCBuildConfiguration;
			buildSettings = {
				EMBEDDED_CONTENT_CONTAINS_SWIFT = YES;
				FRAMEWORK_SEARCH_PATHS = "$(PLATFORM_DIR)/Developer/Library/Frameworks";
				INFOPLIST_FILE = SwiftBitCode.xcodeproj/SwiftBitCodeTests_Info.plist;
				LD_RUNPATH_SEARCH_PATHS = "@loader_path/../Frameworks";
				OTHER_LDFLAGS = "$(inherited)";
				OTHER_SWIFT_FLAGS = "$(inherited)";
				SWIFT_OPTIMIZATION_LEVEL = "-Onone";
				SWIFT_VERSION = 3.0;
			};
			name = Debug;
		};
		"_____Release_" /* Release */ = {
			isa = XCBuildConfiguration;
			baseConfigurationReference = __PBXFileRef_SwiftBitCode.xcodeproj/Configs/Project.xcconfig /* SwiftBitCode.xcodeproj/Configs/Project.xcconfig */;
			buildSettings = {
			};
			name = Release;
		};
		"_______Debug_" /* Debug */ = {
			isa = XCBuildConfiguration;
			baseConfigurationReference = __PBXFileRef_SwiftBitCode.xcodeproj/Configs/Project.xcconfig /* SwiftBitCode.xcodeproj/Configs/Project.xcconfig */;
			buildSettings = {
			};
			name = Debug;
		};
/* End XCBuildConfiguration section */

/* Begin XCConfigurationList section */
		"___RootConfs_" /* Build configuration list for PBXProject "SwiftBitCode" */ = {
			isa = XCConfigurationList;
			buildConfigurations = (
				"_______Debug_" /* Debug */,
				"_____Release_" /* Release */,
			);
			defaultConfigurationIsVisible = 0;
			defaultConfigurationName = Debug;
		};
		"_______Confs_SwiftBitCode" /* Build configuration list for PBXNativeTarget "SwiftBitCode" */ = {
			isa = XCConfigurationList;
			buildConfigurations = (
				"___DebugConf_SwiftBitCode" /* Debug */,
				_ReleaseConf_SwiftBitCode /* Release */,
			);
			defaultConfigurationIsVisible = 0;
			defaultConfigurationName = Debug;
		};
		"_______Confs_SwiftBitCodeTests" /* Build configuration list for PBXNativeTarget "SwiftBitCodeTests" */ = {
			isa = XCConfigurationList;
			buildConfigurations = (
				"___DebugConf_SwiftBitCodeTests" /* Debug */,
				_ReleaseConf_SwiftBitCodeTests /* Release */,
			);
			defaultConfigurationIsVisible = 0;
			defaultConfigurationName = Debug;
		};
/* End XCConfigurationList section */
	};
	rootObject = __RootObject_ /* Project object */;
}
